
Microsoft Visual Studio Solution File, Format Version 12.00
# Visual Studio Version 17
VisualStudioVersion = 17.12.35410.144
MinimumVisualStudioVersion = 10.0.40219.1
Project("{FAE04EC0-301F-11D3-BF4B-00C04F79EFBC}") = "ConEmuWinForms", "ConEmuWinForms\ConEmuWinForms.csproj", "{3D9EE422-0E5C-41AE-9430-7EA29E6EA7D4}"
EndProject
Project("{FAE04EC0-301F-11D3-BF4B-00C04F79EFBC}") = "ConsoleUtilityShowcase", "ConsoleUtilityShowcase\ConsoleUtilityShowcase.csproj", "{3C8A7620-E899-40E1-94DF-2D504D8B773E}"
EndProject
Project("{FAE04EC0-301F-11D3-BF4B-00C04F79EFBC}") = "ConEmuWpf", "ConEmuWpf\ConEmuWpf.csproj", "{75E45E90-2C6F-4512-A551-C255303C436F}"
EndProject
Global
	GlobalSection(SolutionConfigurationPlatforms) = preSolution
		Debug|Any CPU = Debug|Any CPU
		Release|Any CPU = Release|Any CPU
	EndGlobalSection
	GlobalSection(ProjectConfigurationPlatforms) = postSolution
		{3D9EE422-0E5C-41AE-9430-7EA29E6EA7D4}.Debug|Any CPU.ActiveCfg = Debug|Any CPU
		{3D9EE422-0E5C-41AE-9430-7EA29E6EA7D4}.Debug|Any CPU.Build.0 = Debug|Any CPU
		{3D9EE422-0E5C-41AE-9430-7EA29E6EA7D4}.Release|Any CPU.ActiveCfg = Release|Any CPU
		{3D9EE422-0E5C-41AE-9430-7EA29E6EA7D4}.Release|Any CPU.Build.0 = Release|Any CPU
		{3C8A7620-E899-40E1-94DF-2D504D8B773E}.Debug|Any CPU.ActiveCfg = Debug|Any CPU
		{3C8A7620-E899-40E1-94DF-2D504D8B773E}.Debug|Any CPU.Build.0 = Debug|Any CPU
		{3C8A7620-E899-40E1-94DF-2D504D8B773E}.Release|Any CPU.ActiveCfg = Release|Any CPU
		{3C8A7620-E899-40E1-94DF-2D504D8B773E}.Release|Any CPU.Build.0 = Release|Any CPU
		{75E45E90-2C6F-4512-A551-C255303C436F}.Debug|Any CPU.ActiveCfg = Debug|Any CPU
		{75E45E90-2C6F-4512-A551-C255303C436F}.Debug|Any CPU.Build.0 = Debug|Any CPU
		{75E45E90-2C6F-4512-A551-C255303C436F}.Release|Any CPU.ActiveCfg = Release|Any CPU
		{75E45E90-2C6F-4512-A551-C255303C436F}.Release|Any CPU.Build.0 = Release|Any CPU
	EndGlobalSection
	GlobalSection(SolutionProperties) = preSolution
		HideSolutionNode = FALSE
	EndGlobalSection
EndGlobal
